# THIS IS AN AUTOGENERATED FILE. DO NOT EDIT THIS FILE DIRECTLY.
# yarn lockfile v1


heic2any@^0.0.3:
  version "0.0.3"
  resolved "https://registry.yarnpkg.com/heic2any/-/heic2any-0.0.3.tgz#59248665a3646424b1f88c0aaaa1abba3bbd1aae"
  integrity sha512-1KG0LzZuIPiqyJjwLgGlgrgWd3UBwUE9g5+tOuHy8PbeH2hF0U4gc4ZWT4ChlCmcdISr1xVRimSehsTOPdRXnQ==

react-image-base64@^1.1.2:
  version "1.1.2"
  resolved "https://registry.yarnpkg.com/react-image-base64/-/react-image-base64-1.1.2.tgz#e410b0e179deb406ac0af6d6b1b169e3f63cd44c"
  integrity sha512-PZmEAJnt+TSE9wfwNP3+K7ptLpYafhyKhy12OoRD8Y5RN4CgeYvdUnq3NIkkmwI9OHBgjp43Z2Fn/SRCNr3c7A==
  dependencies:
    heic2any "^0.0.3"
